// !$*UTF8*$!
{
	archiveVersion = 1;
	classes = {
	};
	objectVersion = 50;
	objects = {

/* Begin PBXBuildFile section */
		0DB30BD420D0DC8300DC7E8D /* AppDelegate.swift in Sources */ = {isa = PBXBuildFile; fileRef = 0DB30BD320D0DC8300DC7E8D /* AppDelegate.swift */; };
		0DB30BD620D0DC8300DC7E8D /* ViewController.swift in Sources */ = {isa = PBXBuildFile; fileRef = 0DB30BD520D0DC8300DC7E8D /* ViewController.swift */; };
		0DB30BD920D0DC8300DC7E8D /* Main.storyboard in Resources */ = {isa = PBXBuildFile; fileRef = 0DB30BD720D0DC8300DC7E8D /* Main.storyboard */; };
		0DB30BDB20D0DC8A00DC7E8D /* Assets.xcassets in Resources */ = {isa = PBXBuildFile; fileRef = 0DB30BDA20D0DC8A00DC7E8D /* Assets.xcassets */; };
		0DB30BDE20D0DC8A00DC7E8D /* LaunchScreen.storyboard in Resources */ = {isa = PBXBuildFile; fileRef = 0DB30BDC20D0DC8A00DC7E8D /* LaunchScreen.storyboard */; };
		0DB30BE920D0DC8A00DC7E8D /* mapViewTests.swift in Sources */ = {isa = PBXBuildFile; fileRef = 0DB30BE820D0DC8A00DC7E8D /* mapViewTests.swift */; };
		0DB30BF420D0DC8A00DC7E8D /* mapViewUITests.swift in Sources */ = {isa = PBXBuildFile; fileRef = 0DB30BF320D0DC8A00DC7E8D /* mapViewUITests.swift */; };
/* End PBXBuildFile section */

/* Begin PBXContainerItemProxy section */
		0DB30BE520D0DC8A00DC7E8D /* PBXContainerItemProxy */ = {
			isa = PBXContainerItemProxy;
			containerPortal = 0DB30BC820D0DC8300DC7E8D /* Project object */;
			proxyType = 1;
			remoteGlobalIDString = 0DB30BCF20D0DC8300DC7E8D;
			remoteInfo = mapView;
		};
		0DB30BF020D0DC8A00DC7E8D /* PBXContainerItemProxy */ = {
			isa = PBXContainerItemProxy;
			containerPortal = 0DB30BC820D0DC8300DC7E8D /* Project object */;
			proxyType = 1;
			remoteGlobalIDString = 0DB30BCF20D0DC8300DC7E8D;
			remoteInfo = mapView;
		};
/* End PBXContainerItemProxy section */

/* Begin PBXFileReference section */
		0DB30BD020D0DC8300DC7E8D /* mapView.app */ = {isa = PBXFileReference; explicitFileType = wrapper.application; includeInIndex = 0; path = mapView.app; sourceTree = BUILT_PRODUCTS_DIR; };
		0DB30BD320D0DC8300DC7E8D /* AppDelegate.swift */ = {isa = PBXFileReference; lastKnownFileType = sourcecode.swift; path = AppDelegate.swift; sourceTree = "<group>"; };
		0DB30BD520D0DC8300DC7E8D /* ViewController.swift */ = {isa = PBXFileReference; lastKnownFileType = sourcecode.swift; path = ViewController.swift; sourceTree = "<group>"; };
		0DB30BD820D0DC8300DC7E8D /* Base */ = {isa = PBXFileReference; lastKnownFileType = file.storyboard; name = Base; path = Base.lproj/Main.storyboard; sourceTree = "<group>"; };
		0DB30BDA20D0DC8A00DC7E8D /* Assets.xcassets */ = {isa = PBXFileReference; lastKnownFileType = folder.assetcatalog; path = Assets.xcassets; sourceTree = "<group>"; };
		0DB30BDD20D0DC8A00DC7E8D /* Base */ = {isa = PBXFileReference; lastKnownFileType = file.storyboard; name = Base; path = Base.lproj/LaunchScreen.storyboard; sourceTree = "<group>"; };
		0DB30BDF20D0DC8A00DC7E8D /* Info.plist */ = {isa = PBXFileReference; lastKnownFileType = text.plist.xml; path = Info.plist; sourceTree = "<group>"; };
		0DB30BE420D0DC8A00DC7E8D /* mapViewTests.xctest */ = {isa = PBXFileReference; explicitFileType = wrapper.cfbundle; includeInIndex = 0; path = mapViewTests.xctest; sourceTree = BUILT_PRODUCTS_DIR; };
		0DB30BE820D0DC8A00DC7E8D /* mapViewTests.swift */ = {isa = PBXFileReference; lastKnownFileType = sourcecode.swift; path = mapViewTests.swift; sourceTree = "<group>"; };
		0DB30BEA20D0DC8A00DC7E8D /* Info.plist */ = {isa = PBXFileReference; lastKnownFileType = text.plist.xml; path = Info.plist; sourceTree = "<group>"; };
		0DB30BEF20D0DC8A00DC7E8D /* mapViewUITests.xctest */ = {isa = PBXFileReference; explicitFileType = wrapper.cfbundle; includeInIndex = 0; path = mapViewUITests.xctest; sourceTree = BUILT_PRODUCTS_DIR; };
		0DB30BF320D0DC8A00DC7E8D /* mapViewUITests.swift */ = {isa = PBXFileReference; lastKnownFileType = sourcecode.swift; path = mapViewUITests.swift; sourceTree = "<group>"; };
		0DB30BF520D0DC8A00DC7E8D /* Info.plist */ = {isa = PBXFileReference; lastKnownFileType = text.plist.xml; path = Info.plist; sourceTree = "<group>"; };
/* End PBXFileReference section */

/* Begin PBXFrameworksBuildPhase section */
		0DB30BCD20D0DC8300DC7E8D /* Frameworks */ = {
			isa = PBXFrameworksBuildPhase;
			buildActionMask = 2147483647;
			files = (
			);
			runOnlyForDeploymentPostprocessing = 0;
		};
		0DB30BE120D0DC8A00DC7E8D /* Frameworks */ = {
			isa = PBXFrameworksBuildPhase;
			buildActionMask = 2147483647;
			files = (
			);
			runOnlyForDeploymentPostprocessing = 0;
		};
		0DB30BEC20D0DC8A00DC7E8D /* Frameworks */ = {
			isa = PBXFrameworksBuildPhase;
			buildActionMask = 2147483647;
			files = (
			);
			runOnlyForDeploymentPostprocessing = 0;
		};
/* End PBXFrameworksBuildPhase section */

/* Begin PBXGroup section */
		0DB30BC720D0DC8300DC7E8D = {
			isa = PBXGroup;
			children = (
				0DB30BD220D0DC8300DC7E8D /* mapView */,
				0DB30BE720D0DC8A00DC7E8D /* mapViewTests */,
				0DB30BF220D0DC8A00DC7E8D /* mapViewUITests */,
				0DB30BD120D0DC8300DC7E8D /* Products */,
			);
			sourceTree = "<group>";
		};
		0DB30BD120D0DC8300DC7E8D /* Products */ = {
			isa = PBXGroup;
			children = (
				0DB30BD020D0DC8300DC7E8D /* mapView.app */,
				0DB30BE420D0DC8A00DC7E8D /* mapViewTests.xctest */,
				0DB30BEF20D0DC8A00DC7E8D /* mapViewUITests.xctest */,
			);
			name = Products;
			sourceTree = "<group>";
		};
		0DB30BD220D0DC8300DC7E8D /* mapView */ = {
			isa = PBXGroup;
			children = (
				0DB30BD320D0DC8300DC7E8D /* AppDelegate.swift */,
				0DB30BD520D0DC8300DC7E8D /* ViewController.swift */,
				0DB30BD720D0DC8300DC7E8D /* Main.storyboard */,
				0DB30BDA20D0DC8A00DC7E8D /* Assets.xcassets */,
				0DB30BDC20D0DC8A00DC7E8D /* LaunchScreen.storyboard */,
				0DB30BDF20D0DC8A00DC7E8D /* Info.plist */,
			);
			path = mapView;
			sourceTree = "<group>";
		};
		0DB30BE720D0DC8A00DC7E8D /* mapViewTests */ = {
			isa = PBXGroup;
			children = (
				0DB30BE820D0DC8A00DC7E8D /* mapViewTests.swift */,
				0DB30BEA20D0DC8A00DC7E8D /* Info.plist */,
			);
			path = mapViewTests;
			sourceTree = "<group>";
		};
		0DB30BF220D0DC8A00DC7E8D /* mapViewUITests */ = {
			isa = PBXGroup;
			children = (
				0DB30BF320D0DC8A00DC7E8D /* mapViewUITests.swift */,
				0DB30BF520D0DC8A00DC7E8D /* Info.plist */,
			);
			path = mapViewUITests;
			sourceTree = "<group>";
		};
/* End PBXGroup section */

/* Begin PBXNativeTarget section */
		0DB30BCF20D0DC8300DC7E8D /* mapView */ = {
			isa = PBXNativeTarget;
			buildConfigurationList = 0DB30BF820D0DC8A00DC7E8D /* Build configuration list for PBXNativeTarget "mapView" */;
			buildPhases = (
				0DB30BCC20D0DC8300DC7E8D /* Sources */,
				0DB30BCD20D0DC8300DC7E8D /* Frameworks */,
				0DB30BCE20D0DC8300DC7E8D /* Resources */,
			);
			buildRules = (
			);
			dependencies = (
			);
			name = mapView;
			productName = mapView;
			productReference = 0DB30BD020D0DC8300DC7E8D /* mapView.app */;
			productType = "com.apple.product-type.application";
		};
		0DB30BE320D0DC8A00DC7E8D /* mapViewTests */ = {
			isa = PBXNativeTarget;
			buildConfigurationList = 0DB30BFB20D0DC8A00DC7E8D /* Build configuration list for PBXNativeTarget "mapViewTests" */;
			buildPhases = (
				0DB30BE020D0DC8A00DC7E8D /* Sources */,
				0DB30BE120D0DC8A00DC7E8D /* Frameworks */,
				0DB30BE220D0DC8A00DC7E8D /* Resources */,
			);
			buildRules = (
			);
			dependencies = (
				0DB30BE620D0DC8A00DC7E8D /* PBXTargetDependency */,
			);
			name = mapViewTests;
			productName = mapViewTests;
			productReference = 0DB30BE420D0DC8A00DC7E8D /* mapViewTests.xctest */;
			productType = "com.apple.product-type.bundle.unit-test";
		};
		0DB30BEE20D0DC8A00DC7E8D /* mapViewUITests */ = {
			isa = PBXNativeTarget;
			buildConfigurationList = 0DB30BFE20D0DC8A00DC7E8D /* Build configuration list for PBXNativeTarget "mapViewUITests" */;
			buildPhases = (
				0DB30BEB20D0DC8A00DC7E8D /* Sources */,
				0DB30BEC20D0DC8A00DC7E8D /* Frameworks */,
				0DB30BED20D0DC8A00DC7E8D /* Resources */,
			);
			buildRules = (
			);
			dependencies = (
				0DB30BF120D0DC8A00DC7E8D /* PBXTargetDependency */,
			);
			name = mapViewUITests;
			productName = mapViewUITests;
			productReference = 0DB30BEF20D0DC8A00DC7E8D /* mapViewUITests.xctest */;
			productType = "com.apple.product-type.bundle.ui-testing";
		};
/* End PBXNativeTarget section */

/* Begin PBXProject section */
		0DB30BC820D0DC8300DC7E8D /* Project object */ = {
			isa = PBXProject;
			attributes = {
				LastSwiftUpdateCheck = 0940;
				LastUpgradeCheck = 0940;
				ORGANIZATIONNAME = invetech;
				TargetAttributes = {
					0DB30BCF20D0DC8300DC7E8D = {
						CreatedOnToolsVersion = 9.4;
					};
					0DB30BE320D0DC8A00DC7E8D = {
						CreatedOnToolsVersion = 9.4;
						TestTargetID = 0DB30BCF20D0DC8300DC7E8D;
					};
					0DB30BEE20D0DC8A00DC7E8D = {
						CreatedOnToolsVersion = 9.4;
						TestTargetID = 0DB30BCF20D0DC8300DC7E8D;
					};
				};
			};
			buildConfigurationList = 0DB30BCB20D0DC8300DC7E8D /* Build configuration list for PBXProject "mapView" */;
			compatibilityVersion = "Xcode 9.3";
			developmentRegion = en;
			hasScannedForEncodings = 0;
			knownRegions = (
				en,
				Base,
			);
			mainGroup = 0DB30BC720D0DC8300DC7E8D;
			productRefGroup = 0DB30BD120D0DC8300DC7E8D /* Products */;
			projectDirPath = "";
			projectRoot = "";
			targets = (
				0DB30BCF20D0DC8300DC7E8D /* mapView */,
				0DB30BE320D0DC8A00DC7E8D /* mapViewTests */,
				0DB30BEE20D0DC8A00DC7E8D /* mapViewUITests */,
			);
		};
/* End PBXProject section */

/* Begin PBXResourcesBuildPhase section */
		0DB30BCE20D0DC8300DC7E8D /* Resources */ = {
			isa = PBXResourcesBuildPhase;
			buildActionMask = 2147483647;
			files = (
				0DB30BDE20D0DC8A00DC7E8D /* LaunchScreen.storyboard in Resources */,
				0DB30BDB20D0DC8A00DC7E8D /* Assets.xcassets in Resources */,
				0DB30BD920D0DC8300DC7E8D /* Main.storyboard in Resources */,
			);
			runOnlyForDeploymentPostprocessing = 0;
		};
		0DB30BE220D0DC8A00DC7E8D /* Resources */ = {
			isa = PBXResourcesBuildPhase;
			buildActionMask = 2147483647;
			files = (
			);
			runOnlyForDeploymentPostprocessing = 0;
		};
		0DB30BED20D0DC8A00DC7E8D /* Resources */ = {
			isa = PBXResourcesBuildPhase;
			buildActionMask = 2147483647;
			files = (
			);
			runOnlyForDeploymentPostprocessing = 0;
		};
/* End PBXResourcesBuildPhase section */

/* Begin PBXSourcesBuildPhase section */
		0DB30BCC20D0DC8300DC7E8D /* Sources */ = {
			isa = PBXSourcesBuildPhase;
			buildActionMask = 2147483647;
			files = (
				0DB30BD620D0DC8300DC7E8D /* ViewController.swift in Sources */,
				0DB30BD420D0DC8300DC7E8D /* AppDelegate.swift in Sources */,
			);
			runOnlyForDeploymentPostprocessing = 0;
		};
		0DB30BE020D0DC8A00DC7E8D /* Sources */ = {
			isa = PBXSourcesBuildPhase;
			buildActionMask = 2147483647;
			files = (
				0DB30BE920D0DC8A00DC7E8D /* mapViewTests.swift in Sources */,
			);
			runOnlyForDeploymentPostprocessing = 0;
		};
		0DB30BEB20D0DC8A00DC7E8D /* Sources */ = {
			isa = PBXSourcesBuildPhase;
			buildActionMask = 2147483647;
			files = (
				0DB30BF420D0DC8A00DC7E8D /* mapViewUITests.swift in Sources */,
			);
			runOnlyForDeploymentPostprocessing = 0;
		};
/* End PBXSourcesBuildPhase section */

/* Begin PBXTargetDependency section */
		0DB30BE620D0DC8A00DC7E8D /* PBXTargetDependency */ = {
			isa = PBXTargetDependency;
			target = 0DB30BCF20D0DC8300DC7E8D /* mapView */;
			targetProxy = 0DB30BE520D0DC8A00DC7E8D /* PBXContainerItemProxy */;
		};
		0DB30BF120D0DC8A00DC7E8D /* PBXTargetDependency */ = {
			isa = PBXTargetDependency;
			target = 0DB30BCF20D0DC8300DC7E8D /* mapView */;
			targetProxy = 0DB30BF020D0DC8A00DC7E8D /* PBXContainerItemProxy */;
		};
/* End PBXTargetDependency section */

/* Begin PBXVariantGroup section */
		0DB30BD720D0DC8300DC7E8D /* Main.storyboard */ = {
			isa = PBXVariantGroup;
			children = (
				0DB30BD820D0DC8300DC7E8D /* Base */,
			);
			name = Main.storyboard;
			sourceTree = "<group>";
		};
		0DB30BDC20D0DC8A00DC7E8D /* LaunchScreen.storyboard */ = {
			isa = PBXVariantGroup;
			children = (
				0DB30BDD20D0DC8A00DC7E8D /* Base */,
			);
			name = LaunchScreen.storyboard;
			sourceTree = "<group>";
		};
/* End PBXVariantGroup section */

/* Begin XCBuildConfiguration section */
		0DB30BF620D0DC8A00DC7E8D /* Debug */ = {
			isa = XCBuildConfiguration;
			buildSettings = {
				ALWAYS_SEARCH_USER_PATHS = NO;
				CLANG_ANALYZER_NONNULL = YES;
				CLANG_ANALYZER_NUMBER_OBJECT_CONVERSION = YES_AGGRESSIVE;
				CLANG_CXX_LANGUAGE_STANDARD = "gnu++14";
				CLANG_CXX_LIBRARY = "libc++";
				CLANG_ENABLE_MODULES = YES;
				CLANG_ENABLE_OBJC_ARC = YES;
				CLANG_ENABLE_OBJC_WEAK = YES;
				CLANG_WARN_BLOCK_CAPTURE_AUTORELEASING = YES;
				CLANG_WARN_BOOL_CONVERSION = YES;
				CLANG_WARN_COMMA = YES;
				CLANG_WARN_CONSTANT_CONVERSION = YES;
				CLANG_WARN_DEPRECATED_OBJC_IMPLEMENTATIONS = YES;
				CLANG_WARN_DIRECT_OBJC_ISA_USAGE = YES_ERROR;
				CLANG_WARN_DOCUMENTATION_COMMENTS = YES;
				CLANG_WARN_EMPTY_BODY = YES;
				CLANG_WARN_ENUM_CONVERSION = YES;
				CLANG_WARN_INFINITE_RECURSION = YES;
				CLANG_WARN_INT_CONVERSION = YES;
				CLANG_WARN_NON_LITERAL_NULL_CONVERSION = YES;
				CLANG_WARN_OBJC_IMPLICIT_RETAIN_SELF = YES;
				CLANG_WARN_OBJC_LITERAL_CONVERSION = YES;
				CLANG_WARN_OBJC_ROOT_CLASS = YES_ERROR;
				CLANG_WARN_RANGE_LOOP_ANALYSIS = YES;
				CLANG_WARN_STRICT_PROTOTYPES = YES;
				CLANG_WARN_SUSPICIOUS_MOVE = YES;
				CLANG_WARN_UNGUARDED_AVAILABILITY = YES_AGGRESSIVE;
				CLANG_WARN_UNREACHABLE_CODE = YES;
				CLANG_WARN__DUPLICATE_METHOD_MATCH = YES;
				CODE_SIGN_IDENTITY = "iPhone Developer";
				COPY_PHASE_STRIP = NO;
				DEBUG_INFORMATION_FORMAT = dwarf;
				ENABLE_STRICT_OBJC_MSGSEND = YES;
				ENABLE_TESTABILITY = YES;
				GCC_C_LANGUAGE_STANDARD = gnu11;
				GCC_DYNAMIC_NO_PIC = NO;
				GCC_NO_COMMON_BLOCKS = YES;
				GCC_OPTIMIZATION_LEVEL = 0;
				GCC_PREPROCESSOR_DEFINITIONS = (
					"DEBUG=1",
					"$(inherited)",
				);
				GCC_WARN_64_TO_32_BIT_CONVERSION = YES;
				GCC_WARN_ABOUT_RETURN_TYPE = YES_ERROR;
				GCC_WARN_UNDECLARED_SELECTOR = YES;
				GCC_WARN_UNINITIALIZED_AUTOS = YES_AGGRESSIVE;
				GCC_WARN_UNUSED_FUNCTION = YES;
				GCC_WARN_UNUSED_VARIABLE = YES;
				IPHONEOS_DEPLOYMENT_TARGET = 11.4;
				MTL_ENABLE_DEBUG_INFO = YES;
				ONLY_ACTIVE_ARCH = YES;
				SDKROOT = iphoneos;
				SWIFT_ACTIVE_COMPILATION_CONDITIONS = DEBUG;
				SWIFT_OPTIMIZATION_LEVEL = "-Onone";
			};
			name = Debug;
		};
		0DB30BF720D0DC8A00DC7E8D /* Release */ = {
			isa = XCBuildConfiguration;
			buildSettings = {
				ALWAYS_SEARCH_USER_PATHS = NO;
				CLANG_ANALYZER_NONNULL = YES;
				CLANG_ANALYZER_NUMBER_OBJECT_CONVERSION = YES_AGGRESSIVE;
				CLANG_CXX_LANGUAGE_STANDARD = "gnu++14";
				CLANG_CXX_LIBRARY = "libc++";
				CLANG_ENABLE_MODULES = YES;
				CLANG_ENABLE_OBJC_ARC = YES;
				CLANG_ENABLE_OBJC_WEAK = YES;
				CLANG_WARN_BLOCK_CAPTURE_AUTORELEASING = YES;
				CLANG_WARN_BOOL_CONVERSION = YES;
				CLANG_WARN_COMMA = YES;
				CLANG_WARN_CONSTANT_CONVERSION = YES;
				CLANG_WARN_DEPRECATED_OBJC_IMPLEMENTATIONS = YES;
				CLANG_WARN_DIRECT_OBJC_ISA_USAGE = YES_ERROR;
				CLANG_WARN_DOCUMENTATION_COMMENTS = YES;
				CLANG_WARN_EMPTY_BODY = YES;
				CLANG_WARN_ENUM_CONVERSION = YES;
				CLANG_WARN_INFINITE_RECURSION = YES;
				CLANG_WARN_INT_CONVERSION = YES;
				CLANG_WARN_NON_LITERAL_NULL_CONVERSION = YES;
				CLANG_WARN_OBJC_IMPLICIT_RETAIN_SELF = YES;
				CLANG_WARN_OBJC_LITERAL_CONVERSION = YES;
				CLANG_WARN_OBJC_ROOT_CLASS = YES_ERROR;
				CLANG_WARN_RANGE_LOOP_ANALYSIS = YES;
				CLANG_WARN_STRICT_PROTOTYPES = YES;
				CLANG_WARN_SUSPICIOUS_MOVE = YES;
				CLANG_WARN_UNGUARDED_AVAILABILITY = YES_AGGRESSIVE;
				CLANG_WARN_UNREACHABLE_CODE = YES;
				CLANG_WARN__DUPLICATE_METHOD_MATCH = YES;
				CODE_SIGN_IDENTITY = "iPhone Developer";
				COPY_PHASE_STRIP = NO;
				DEBUG_INFORMATION_FORMAT = "dwarf-with-dsym";
				ENABLE_NS_ASSERTIONS = NO;
				ENABLE_STRICT_OBJC_MSGSEND = YES;
				GCC_C_LANGUAGE_STANDARD = gnu11;
				GCC_NO_COMMON_BLOCKS = YES;
				GCC_WARN_64_TO_32_BIT_CONVERSION = YES;
				GCC_WARN_ABOUT_RETURN_TYPE = YES_ERROR;
				GCC_WARN_UNDECLARED_SELECTOR = YES;
				GCC_WARN_UNINITIALIZED_AUTOS = YES_AGGRESSIVE;
				GCC_WARN_UNUSED_FUNCTION = YES;
				GCC_WARN_UNUSED_VARIABLE = YES;
				IPHONEOS_DEPLOYMENT_TARGET = 11.4;
				MTL_ENABLE_DEBUG_INFO = NO;
				SDKROOT = iphoneos;
				SWIFT_COMPILATION_MODE = wholemodule;
				SWIFT_OPTIMIZATION_LEVEL = "-O";
				VALIDATE_PRODUCT = YES;
			};
			name = Release;
		};
		0DB30BF920D0DC8A00DC7E8D /* Debug */ = {
			isa = XCBuildConfiguration;
			buildSettings = {
				ASSETCATALOG_COMPILER_APPICON_NAME = AppIcon;
				CODE_SIGN_STYLE = Automatic;
				INFOPLIST_FILE = mapView/Info.plist;
				LD_RUNPATH_SEARCH_PATHS = (
					"$(inherited)",
					"@executable_path/Frameworks",
				);
				PRODUCT_BUNDLE_IDENTIFIER = invetech.mapView;
				PRODUCT_NAME = "$(TARGET_NAME)";
				SWIFT_VERSION = 4.0;
				TARGETED_DEVICE_FAMILY = "1,2";
			};
			name = Debug;
		};
		0DB30BFA20D0DC8A00DC7E8D /* Release */ = {
			isa = XCBuildConfiguration;
			buildSettings = {
				ASSETCATALOG_COMPILER_APPICON_NAME = AppIcon;
				CODE_SIGN_STYLE = Automatic;
				INFOPLIST_FILE = mapView/Info.plist;
				LD_RUNPATH_SEARCH_PATHS = (
					"$(inherited)",
					"@executable_path/Frameworks",
				);
				PRODUCT_BUNDLE_IDENTIFIER = invetech.mapView;
				PRODUCT_NAME = "$(TARGET_NAME)";
				SWIFT_VERSION = 4.0;
				TARGETED_DEVICE_FAMILY = "1,2";
			};
			name = Release;
		};
		0DB30BFC20D0DC8A00DC7E8D /* Debug */ = {
			isa = XCBuildConfiguration;
			buildSettings = {
				ALWAYS_EMBED_SWIFT_STANDARD_LIBRARIES = YES;
				BUNDLE_LOADER = "$(TEST_HOST)";
				CODE_SIGN_STYLE = Automatic;
				INFOPLIST_FILE = mapViewTests/Info.plist;
				LD_RUNPATH_SEARCH_PATHS = (
					"$(inherited)",
					"@executable_path/Frameworks",
					"@loader_path/Frameworks",
				);
				PRODUCT_BUNDLE_IDENTIFIER = invetech.mapViewTests;
				PRODUCT_NAME = "$(TARGET_NAME)";
				SWIFT_VERSION = 4.0;
				TARGETED_DEVICE_FAMILY = "1,2";
				TEST_HOST = "$(BUILT_PRODUCTS_DIR)/mapView.app/mapView";
			};
			name = Debug;
		};
		0DB30BFD20D0DC8A00DC7E8D /* Release */ = {
			isa = XCBuildConfiguration;
			buildSettings = {
				ALWAYS_EMBED_SWIFT_STANDARD_LIBRARIES = YES;
				BUNDLE_LOADER = "$(TEST_HOST)";
				CODE_SIGN_STYLE = Automatic;
				INFOPLIST_FILE = mapViewTests/Info.plist;
				LD_RUNPATH_SEARCH_PATHS = (
					"$(inherited)",
					"@executable_path/Frameworks",
					"@loader_path/Frameworks",
				);
				PRODUCT_BUNDLE_IDENTIFIER = invetech.mapViewTests;
				PRODUCT_NAME = "$(TARGET_NAME)";
				SWIFT_VERSION = 4.0;
				TARGETED_DEVICE_FAMILY = "1,2";
				TEST_HOST = "$(BUILT_PRODUCTS_DIR)/mapView.app/mapView";
			};
			name = Release;
		};
		0DB30BFF20D0DC8A00DC7E8D /* Debug */ = {
			isa = XCBuildConfiguration;
			buildSettings = {
				ALWAYS_EMBED_SWIFT_STANDARD_LIBRARIES = YES;
				CODE_SIGN_STYLE = Automatic;
				INFOPLIST_FILE = mapViewUITests/Info.plist;
				LD_RUNPATH_SEARCH_PATHS = (
					"$(inherited)",
					"@executable_path/Frameworks",
					"@loader_path/Frameworks",
				);
				PRODUCT_BUNDLE_IDENTIFIER = invetech.mapViewUITests;
				PRODUCT_NAME = "$(TARGET_NAME)";
				SWIFT_VERSION = 4.0;
				TARGETED_DEVICE_FAMILY = "1,2";
				TEST_TARGET_NAME = mapView;
			};
			name = Debug;
		};
		0DB30C0020D0DC8A00DC7E8D /* Release */ = {
			isa = XCBuildConfiguration;
			buildSettings = {
				ALWAYS_EMBED_SWIFT_STANDARD_LIBRARIES = YES;
				CODE_SIGN_STYLE = Automatic;
				INFOPLIST_FILE = mapViewUITests/Info.plist;
				LD_RUNPATH_SEARCH_PATHS = (
					"$(inherited)",
					"@executable_path/Frameworks",
					"@loader_path/Frameworks",
				);
				PRODUCT_BUNDLE_IDENTIFIER = invetech.mapViewUITests;
				PRODUCT_NAME = "$(TARGET_NAME)";
				SWIFT_VERSION = 4.0;
				TARGETED_DEVICE_FAMILY = "1,2";
				TEST_TARGET_NAME = mapView;
			};
			name = Release;
		};
/* End XCBuildConfiguration section */

/* Begin XCConfigurationList section */
		0DB30BCB20D0DC8300DC7E8D /* Build configuration list for PBXProject "mapView" */ = {
			isa = XCConfigurationList;
			buildConfigurations = (
				0DB30BF620D0DC8A00DC7E8D /* Debug */,
				0DB30BF720D0DC8A00DC7E8D /* Release */,
			);
			defaultConfigurationIsVisible = 0;
			defaultConfigurationName = Release;
		};
		0DB30BF820D0DC8A00DC7E8D /* Build configuration list for PBXNativeTarget "mapView" */ = {
			isa = XCConfigurationList;
			buildConfigurations = (
				0DB30BF920D0DC8A00DC7E8D /* Debug */,
				0DB30BFA20D0DC8A00DC7E8D /* Release */,
			);
			defaultConfigurationIsVisible = 0;
			defaultConfigurationName = Release;
		};
		0DB30BFB20D0DC8A00DC7E8D /* Build configuration list for PBXNativeTarget "mapViewTests" */ = {
			isa = XCConfigurationList;
			buildConfigurations = (
				0DB30BFC20D0DC8A00DC7E8D /* Debug */,
				0DB30BFD20D0DC8A00DC7E8D /* Release */,
			);
			defaultConfigurationIsVisible = 0;
			defaultConfigurationName = Release;
		};
		0DB30BFE20D0DC8A00DC7E8D /* Build configuration list for PBXNativeTarget "mapViewUITests" */ = {
			isa = XCConfigurationList;
			buildConfigurations = (
				0DB30BFF20D0DC8A00DC7E8D /* Debug */,
				0DB30C0020D0DC8A00DC7E8D /* Release */,
			);
			defaultConfigurationIsVisible = 0;
			defaultConfigurationName = Release;
		};
/* End XCConfigurationList section */
	};
	rootObject = 0DB30BC820D0DC8300DC7E8D /* Project object */;
}
